Microsoft Visual Studio Solution File, Format Version 12.00
# Visual Studio Version 17
VisualStudioVersion = 17.0.31611.283
MinimumVisualStudioVersion = 10.0.40219.1
Project("{9A19103F-16F7-4668-BE54-9A1E7A4F7556}") = "PrivateChat.Core.Web", "PrivateChat.Core.Web\PrivateChat.Core.Web.csproj", "{BFD23CD8-7E62-4253-BAA7-E105084BE756}"
EndProject
Project("{9A19103F-16F7-4668-BE54-9A1E7A4F7556}") = "PrivateChat.MAUI.Client", "PrivateChat.MAUI.Client\PrivateChat.MAUI.Client.csproj", "{DB2595B0-9A9A-491D-8EB7-67A83AA71748}"
EndProject
Project("{9A19103F-16F7-4668-BE54-9A1E7A4F7556}") = "PrivateChat.Server", "PrivateChat.Server\PrivateChat.Server.csproj", "{D32B3DED-06FE-4FCF-A9DF-BB6D17EA4B6A}"
EndProject
Project("{9A19103F-16F7-4668-BE54-9A1E7A4F7556}") = "PrivateChat.Domains", "PrivateChat.Domains\PrivateChat.Domains.csproj", "{FC3B5139-1ADF-4F7B-95B7-EA3B9C1D6A20}"
EndProject
Project("{9A19103F-16F7-4668-BE54-9A1E7A4F7556}") = "PrivateChat.Infrastructure", "PrivateChat.Infrastructure\PrivateChat.Infrastructure.csproj", "{F34EB89D-3D7E-4949-9D18-C28DDFDB144A}"
EndProject
Global
	GlobalSection(SolutionConfigurationPlatforms) = preSolution
		Debug|Any CPU = Debug|Any CPU
		Release|Any CPU = Release|Any CPU
	EndGlobalSection
	GlobalSection(ProjectConfigurationPlatforms) = postSolution
		{BFD23CD8-7E62-4253-BAA7-E105084BE756}.Debug|Any CPU.ActiveCfg = Debug|Any CPU
		{BFD23CD8-7E62-4253-BAA7-E105084BE756}.Debug|Any CPU.Build.0 = Debug|Any CPU
		{BFD23CD8-7E62-4253-BAA7-E105084BE756}.Release|Any CPU.ActiveCfg = Release|Any CPU
		{BFD23CD8-7E62-4253-BAA7-E105084BE756}.Release|Any CPU.Build.0 = Release|Any CPU
		{DB2595B0-9A9A-491D-8EB7-67A83AA71748}.Debug|Any CPU.ActiveCfg = Debug|Any CPU
		{DB2595B0-9A9A-491D-8EB7-67A83AA71748}.Debug|Any CPU.Build.0 = Debug|Any CPU
		{DB2595B0-9A9A-491D-8EB7-67A83AA71748}.Debug|Any CPU.Deploy.0 = Debug|Any CPU
		{DB2595B0-9A9A-491D-8EB7-67A83AA71748}.Release|Any CPU.ActiveCfg = Release|Any CPU
		{DB2595B0-9A9A-491D-8EB7-67A83AA71748}.Release|Any CPU.Build.0 = Release|Any CPU
		{DB2595B0-9A9A-491D-8EB7-67A83AA71748}.Release|Any CPU.Deploy.0 = Release|Any CPU
		{D32B3DED-06FE-4FCF-A9DF-BB6D17EA4B6A}.Debug|Any CPU.ActiveCfg = Debug|Any CPU
		{D32B3DED-06FE-4FCF-A9DF-BB6D17EA4B6A}.Debug|Any CPU.Build.0 = Debug|Any CPU
		{D32B3DED-06FE-4FCF-A9DF-BB6D17EA4B6A}.Release|Any CPU.ActiveCfg = Release|Any CPU
		{D32B3DED-06FE-4FCF-A9DF-BB6D17EA4B6A}.Release|Any CPU.Build.0 = Release|Any CPU
		{FC3B5139-1ADF-4F7B-95B7-EA3B9C1D6A20}.Debug|Any CPU.ActiveCfg = Debug|Any CPU
		{FC3B5139-1ADF-4F7B-95B7-EA3B9C1D6A20}.Debug|Any CPU.Build.0 = Debug|Any CPU
		{FC3B5139-1ADF-4F7B-95B7-EA3B9C1D6A20}.Release|Any CPU.ActiveCfg = Release|Any CPU
		{FC3B5139-1ADF-4F7B-95B7-EA3B9C1D6A20}.Release|Any CPU.Build.0 = Release|Any CPU
		{F34EB89D-3D7E-4949-9D18-C28DDFDB144A}.Debug|Any CPU.ActiveCfg = Debug|Any CPU
		{F34EB89D-3D7E-4949-9D18-C28DDFDB144A}.Debug|Any CPU.Build.0 = Debug|Any CPU
		{F34EB89D-3D7E-4949-9D18-C28DDFDB144A}.Release|Any CPU.ActiveCfg = Release|Any CPU
		{F34EB89D-3D7E-4949-9D18-C28DDFDB144A}.Release|Any CPU.Build.0 = Release|Any CPU
	EndGlobalSection
	GlobalSection(SolutionProperties) = preSolution
		HideSolutionNode = FALSE
	EndGlobalSection
	GlobalSection(ExtensibilityGlobals) = postSolution
		        SolutionGuid = {61F7FB11-1E47-470C-91E2-47F8143E1572}
		SolutionGuid = {F5E8D187-FBEE-448F-B58C-57866426D962}
	EndGlobalSection
EndGlobal
